// !$*UTF8*$!
{
	archiveVersion = 1;
	classes = {
	};
	objectVersion = 56;
	objects = {

/* Begin PBXBuildFile section */
		4CA694C42B79C7D200DAD76F /* AppDelegate.swift in Sources */ = {isa = PBXBuildFile; fileRef = 4CA694C32B79C7D200DAD76F /* AppDelegate.swift */; };
		4CA694C62B79C7D200DAD76F /* SceneDelegate.swift in Sources */ = {isa = PBXBuildFile; fileRef = 4CA694C52B79C7D200DAD76F /* SceneDelegate.swift */; };
		4CA694C82B79C7D200DAD76F /* ViewController.swift in Sources */ = {isa = PBXBuildFile; fileRef = 4CA694C72B79C7D200DAD76F /* ViewController.swift */; };
		4CA694CB2B79C7D200DAD76F /* Main.storyboard in Resources */ = {isa = PBXBuildFile; fileRef = 4CA694C92B79C7D200DAD76F /* Main.storyboard */; };
		4CA694CD2B79C7D700DAD76F /* Assets.xcassets in Resources */ = {isa = PBXBuildFile; fileRef = 4CA694CC2B79C7D700DAD76F /* Assets.xcassets */; };
		4CA694D02B79C7D700DAD76F /* LaunchScreen.storyboard in Resources */ = {isa = PBXBuildFile; fileRef = 4CA694CE2B79C7D700DAD76F /* LaunchScreen.storyboard */; };
		4CA694DB2B79C7D700DAD76F /* Assignment5Tests.swift in Sources */ = {isa = PBXBuildFile; fileRef = 4CA694DA2B79C7D700DAD76F /* Assignment5Tests.swift */; };
		4CA694E52B79C7D700DAD76F /* Assignment5UITests.swift in Sources */ = {isa = PBXBuildFile; fileRef = 4CA694E42B79C7D700DAD76F /* Assignment5UITests.swift */; };
		4CA694E72B79C7D700DAD76F /* Assignment5UITestsLaunchTests.swift in Sources */ = {isa = PBXBuildFile; fileRef = 4CA694E62B79C7D700DAD76F /* Assignment5UITestsLaunchTests.swift */; };
		4CA694F42B79C92600DAD76F /* water.png in Resources */ = {isa = PBXBuildFile; fileRef = 4CA694F32B79C92600DAD76F /* water.png */; };
		4CA694F62B79CA6400DAD76F /* ship.png in Resources */ = {isa = PBXBuildFile; fileRef = 4CA694F52B79CA6400DAD76F /* ship.png */; };
		4CA694F82B79CF6D00DAD76F /* Question.swift in Sources */ = {isa = PBXBuildFile; fileRef = 4CA694F72B79CF6D00DAD76F /* Question.swift */; };
		4CA695002B79D1E400DAD76F /* GameLogic.swift in Sources */ = {isa = PBXBuildFile; fileRef = 4CA694FF2B79D1E400DAD76F /* GameLogic.swift */; };
/* End PBXBuildFile section */

/* Begin PBXContainerItemProxy section */
		4CA694D72B79C7D700DAD76F /* PBXContainerItemProxy */ = {
			isa = PBXContainerItemProxy;
			containerPortal = 4CA694B82B79C7D200DAD76F /* Project object */;
			proxyType = 1;
			remoteGlobalIDString = 4CA694BF2B79C7D200DAD76F;
			remoteInfo = Assignment5;
		};
		4CA694E12B79C7D700DAD76F /* PBXContainerItemProxy */ = {
			isa = PBXContainerItemProxy;
			containerPortal = 4CA694B82B79C7D200DAD76F /* Project object */;
			proxyType = 1;
			remoteGlobalIDString = 4CA694BF2B79C7D200DAD76F;
			remoteInfo = Assignment5;
		};
/* End PBXContainerItemProxy section */

/* Begin PBXFileReference section */
		4CA694C02B79C7D200DAD76F /* Assignment5.app */ = {isa = PBXFileReference; explicitFileType = wrapper.application; includeInIndex = 0; path = Assignment5.app; sourceTree = BUILT_PRODUCTS_DIR; };
		4CA694C32B79C7D200DAD76F /* AppDelegate.swift */ = {isa = PBXFileReference; lastKnownFileType = sourcecode.swift; path = AppDelegate.swift; sourceTree = "<group>"; };
		4CA694C52B79C7D200DAD76F /* SceneDelegate.swift */ = {isa = PBXFileReference; lastKnownFileType = sourcecode.swift; path = SceneDelegate.swift; sourceTree = "<group>"; };
		4CA694C72B79C7D200DAD76F /* ViewController.swift */ = {isa = PBXFileReference; lastKnownFileType = sourcecode.swift; path = ViewController.swift; sourceTree = "<group>"; };
		4CA694CA2B79C7D200DAD76F /* Base */ = {isa = PBXFileReference; lastKnownFileType = file.storyboard; name = Base; path = Base.lproj/Main.storyboard; sourceTree = "<group>"; };
		4CA694CC2B79C7D700DAD76F /* Assets.xcassets */ = {isa = PBXFileReference; lastKnownFileType = folder.assetcatalog; path = Assets.xcassets; sourceTree = "<group>"; };
		4CA694CF2B79C7D700DAD76F /* Base */ = {isa = PBXFileReference; lastKnownFileType = file.storyboard; name = Base; path = Base.lproj/LaunchScreen.storyboard; sourceTree = "<group>"; };
		4CA694D12B79C7D700DAD76F /* Info.plist */ = {isa = PBXFileReference; lastKnownFileType = text.plist.xml; path = Info.plist; sourceTree = "<group>"; };
		4CA694D62B79C7D700DAD76F /* Assignment5Tests.xctest */ = {isa = PBXFileReference; explicitFileType = wrapper.cfbundle; includeInIndex = 0; path = Assignment5Tests.xctest; sourceTree = BUILT_PRODUCTS_DIR; };
		4CA694DA2B79C7D700DAD76F /* Assignment5Tests.swift */ = {isa = PBXFileReference; lastKnownFileType = sourcecode.swift; path = Assignment5Tests.swift; sourceTree = "<group>"; };
		4CA694E02B79C7D700DAD76F /* Assignment5UITests.xctest */ = {isa = PBXFileReference; explicitFileType = wrapper.cfbundle; includeInIndex = 0; path = Assignment5UITests.xctest; sourceTree = BUILT_PRODUCTS_DIR; };
		4CA694E42B79C7D700DAD76F /* Assignment5UITests.swift */ = {isa = PBXFileReference; lastKnownFileType = sourcecode.swift; path = Assignment5UITests.swift; sourceTree = "<group>"; };
		4CA694E62B79C7D700DAD76F /* Assignment5UITestsLaunchTests.swift */ = {isa = PBXFileReference; lastKnownFileType = sourcecode.swift; path = Assignment5UITestsLaunchTests.swift; sourceTree = "<group>"; };
		4CA694F32B79C92600DAD76F /* water.png */ = {isa = PBXFileReference; lastKnownFileType = image.png; name = water.png; path = ../../../Downloads/water.png; sourceTree = "<group>"; };
		4CA694F52B79CA6400DAD76F /* ship.png */ = {isa = PBXFileReference; lastKnownFileType = image.png; name = ship.png; path = ../../../Downloads/ship.png; sourceTree = "<group>"; };
		4CA694F72B79CF6D00DAD76F /* Question.swift */ = {isa = PBXFileReference; lastKnownFileType = sourcecode.swift; path = Question.swift; sourceTree = "<group>"; };
		4CA694FF2B79D1E400DAD76F /* GameLogic.swift */ = {isa = PBXFileReference; lastKnownFileType = sourcecode.swift; path = GameLogic.swift; sourceTree = "<group>"; };
/* End PBXFileReference section */

/* Begin PBXFrameworksBuildPhase section */
		4CA694BD2B79C7D200DAD76F /* Frameworks */ = {
			isa = PBXFrameworksBuildPhase;
			buildActionMask = 2147483647;
			files = (
			);
			runOnlyForDeploymentPostprocessing = 0;
		};
		4CA694D32B79C7D700DAD76F /* Frameworks */ = {
			isa = PBXFrameworksBuildPhase;
			buildActionMask = 2147483647;
			files = (
			);
			runOnlyForDeploymentPostprocessing = 0;
		};
		4CA694DD2B79C7D700DAD76F /* Frameworks */ = {
			isa = PBXFrameworksBuildPhase;
			buildActionMask = 2147483647;
			files = (
			);
			runOnlyForDeploymentPostprocessing = 0;
		};
/* End PBXFrameworksBuildPhase section */

/* Begin PBXGroup section */
		4CA694B72B79C7D200DAD76F = {
			isa = PBXGroup;
			children = (
				4CA694C22B79C7D200DAD76F /* Assignment5 */,
				4CA694D92B79C7D700DAD76F /* Assignment5Tests */,
				4CA694E32B79C7D700DAD76F /* Assignment5UITests */,
				4CA694C12B79C7D200DAD76F /* Products */,
			);
			sourceTree = "<group>";
		};
		4CA694C12B79C7D200DAD76F /* Products */ = {
			isa = PBXGroup;
			children = (
				4CA694C02B79C7D200DAD76F /* Assignment5.app */,
				4CA694D62B79C7D700DAD76F /* Assignment5Tests.xctest */,
				4CA694E02B79C7D700DAD76F /* Assignment5UITests.xctest */,
			);
			name = Products;
			sourceTree = "<group>";
		};
		4CA694C22B79C7D200DAD76F /* Assignment5 */ = {
			isa = PBXGroup;
			children = (
				4CA694F32B79C92600DAD76F /* water.png */,
				4CA694F52B79CA6400DAD76F /* ship.png */,
				4CA694C32B79C7D200DAD76F /* AppDelegate.swift */,
				4CA694C52B79C7D200DAD76F /* SceneDelegate.swift */,
				4CA694FC2B79CF9A00DAD76F /* View */,
				4CA694C92B79C7D200DAD76F /* Main.storyboard */,
				4CA694CC2B79C7D700DAD76F /* Assets.xcassets */,
				4CA694CE2B79C7D700DAD76F /* LaunchScreen.storyboard */,
				4CA694D12B79C7D700DAD76F /* Info.plist */,
				4CA694FB2B79CF8300DAD76F /* Model */,
			);
			path = Assignment5;
			sourceTree = "<group>";
		};
		4CA694D92B79C7D700DAD76F /* Assignment5Tests */ = {
			isa = PBXGroup;
			children = (
				4CA694DA2B79C7D700DAD76F /* Assignment5Tests.swift */,
			);
			path = Assignment5Tests;
			sourceTree = "<group>";
		};
		4CA694E32B79C7D700DAD76F /* Assignment5UITests */ = {
			isa = PBXGroup;
			children = (
				4CA694E42B79C7D700DAD76F /* Assignment5UITests.swift */,
				4CA694E62B79C7D700DAD76F /* Assignment5UITestsLaunchTests.swift */,
			);
			path = Assignment5UITests;
			sourceTree = "<group>";
		};
		4CA694FB2B79CF8300DAD76F /* Model */ = {
			isa = PBXGroup;
			children = (
				4CA694F72B79CF6D00DAD76F /* Question.swift */,
				4CA694FF2B79D1E400DAD76F /* GameLogic.swift */,
			);
			path = Model;
			sourceTree = "<group>";
		};
		4CA694FC2B79CF9A00DAD76F /* View */ = {
			isa = PBXGroup;
			children = (
				4CA694C72B79C7D200DAD76F /* ViewController.swift */,
			);
			path = View;
			sourceTree = "<group>";
		};
/* End PBXGroup section */

/* Begin PBXNativeTarget section */
		4CA694BF2B79C7D200DAD76F /* Assignment5 */ = {
			isa = PBXNativeTarget;
			buildConfigurationList = 4CA694EA2B79C7D700DAD76F /* Build configuration list for PBXNativeTarget "Assignment5" */;
			buildPhases = (
				4CA694BC2B79C7D200DAD76F /* Sources */,
				4CA694BD2B79C7D200DAD76F /* Frameworks */,
				4CA694BE2B79C7D200DAD76F /* Resources */,
			);
			buildRules = (
			);
			dependencies = (
			);
			name = Assignment5;
			productName = Assignment5;
			productReference = 4CA694C02B79C7D200DAD76F /* Assignment5.app */;
			productType = "com.apple.product-type.application";
		};
		4CA694D52B79C7D700DAD76F /* Assignment5Tests */ = {
			isa = PBXNativeTarget;
			buildConfigurationList = 4CA694ED2B79C7D700DAD76F /* Build configuration list for PBXNativeTarget "Assignment5Tests" */;
			buildPhases = (
				4CA694D22B79C7D700DAD76F /* Sources */,
				4CA694D32B79C7D700DAD76F /* Frameworks */,
				4CA694D42B79C7D700DAD76F /* Resources */,
			);
			buildRules = (
			);
			dependencies = (
				4CA694D82B79C7D700DAD76F /* PBXTargetDependency */,
			);
			name = Assignment5Tests;
			productName = Assignment5Tests;
			productReference = 4CA694D62B79C7D700DAD76F /* Assignment5Tests.xctest */;
			productType = "com.apple.product-type.bundle.unit-test";
		};
		4CA694DF2B79C7D700DAD76F /* Assignment5UITests */ = {
			isa = PBXNativeTarget;
			buildConfigurationList = 4CA694F02B79C7D700DAD76F /* Build configuration list for PBXNativeTarget "Assignment5UITests" */;
			buildPhases = (
				4CA694DC2B79C7D700DAD76F /* Sources */,
				4CA694DD2B79C7D700DAD76F /* Frameworks */,
				4CA694DE2B79C7D700DAD76F /* Resources */,
			);
			buildRules = (
			);
			dependencies = (
				4CA694E22B79C7D700DAD76F /* PBXTargetDependency */,
			);
			name = Assignment5UITests;
			productName = Assignment5UITests;
			productReference = 4CA694E02B79C7D700DAD76F /* Assignment5UITests.xctest */;
			productType = "com.apple.product-type.bundle.ui-testing";
		};
/* End PBXNativeTarget section */

/* Begin PBXProject section */
		4CA694B82B79C7D200DAD76F /* Project object */ = {
			isa = PBXProject;
			attributes = {
				BuildIndependentTargetsInParallel = 1;
				LastSwiftUpdateCheck = 1520;
				LastUpgradeCheck = 1520;
				TargetAttributes = {
					4CA694BF2B79C7D200DAD76F = {
						CreatedOnToolsVersion = 15.2;
					};
					4CA694D52B79C7D700DAD76F = {
						CreatedOnToolsVersion = 15.2;
						TestTargetID = 4CA694BF2B79C7D200DAD76F;
					};
					4CA694DF2B79C7D700DAD76F = {
						CreatedOnToolsVersion = 15.2;
						TestTargetID = 4CA694BF2B79C7D200DAD76F;
					};
				};
			};
			buildConfigurationList = 4CA694BB2B79C7D200DAD76F /* Build configuration list for PBXProject "Assignment5" */;
			compatibilityVersion = "Xcode 14.0";
			developmentRegion = en;
			hasScannedForEncodings = 0;
			knownRegions = (
				en,
				Base,
			);
			mainGroup = 4CA694B72B79C7D200DAD76F;
			productRefGroup = 4CA694C12B79C7D200DAD76F /* Products */;
			projectDirPath = "";
			projectRoot = "";
			targets = (
				4CA694BF2B79C7D200DAD76F /* Assignment5 */,
				4CA694D52B79C7D700DAD76F /* Assignment5Tests */,
				4CA694DF2B79C7D700DAD76F /* Assignment5UITests */,
			);
		};
/* End PBXProject section */

/* Begin PBXResourcesBuildPhase section */
		4CA694BE2B79C7D200DAD76F /* Resources */ = {
			isa = PBXResourcesBuildPhase;
			buildActionMask = 2147483647;
			files = (
				4CA694D02B79C7D700DAD76F /* LaunchScreen.storyboard in Resources */,
				4CA694F62B79CA6400DAD76F /* ship.png in Resources */,
				4CA694CD2B79C7D700DAD76F /* Assets.xcassets in Resources */,
				4CA694CB2B79C7D200DAD76F /* Main.storyboard in Resources */,
				4CA694F42B79C92600DAD76F /* water.png in Resources */,
			);
			runOnlyForDeploymentPostprocessing = 0;
		};
		4CA694D42B79C7D700DAD76F /* Resources */ = {
			isa = PBXResourcesBuildPhase;
			buildActionMask = 2147483647;
			files = (
			);
			runOnlyForDeploymentPostprocessing = 0;
		};
		4CA694DE2B79C7D700DAD76F /* Resources */ = {
			isa = PBXResourcesBuildPhase;
			buildActionMask = 2147483647;
			files = (
			);
			runOnlyForDeploymentPostprocessing = 0;
		};
/* End PBXResourcesBuildPhase section */

/* Begin PBXSourcesBuildPhase section */
		4CA694BC2B79C7D200DAD76F /* Sources */ = {
			isa = PBXSourcesBuildPhase;
			buildActionMask = 2147483647;
			files = (
				4CA695002B79D1E400DAD76F /* GameLogic.swift in Sources */,
				4CA694C82B79C7D200DAD76F /* ViewController.swift in Sources */,
				4CA694F82B79CF6D00DAD76F /* Question.swift in Sources */,
				4CA694C42B79C7D200DAD76F /* AppDelegate.swift in Sources */,
				4CA694C62B79C7D200DAD76F /* SceneDelegate.swift in Sources */,
			);
			runOnlyForDeploymentPostprocessing = 0;
		};
		4CA694D22B79C7D700DAD76F /* Sources */ = {
			isa = PBXSourcesBuildPhase;
			buildActionMask = 2147483647;
			files = (
				4CA694DB2B79C7D700DAD76F /* Assignment5Tests.swift in Sources */,
			);
			runOnlyForDeploymentPostprocessing = 0;
		};
		4CA694DC2B79C7D700DAD76F /* Sources */ = {
			isa = PBXSourcesBuildPhase;
			buildActionMask = 2147483647;
			files = (
				4CA694E52B79C7D700DAD76F /* Assignment5UITests.swift in Sources */,
				4CA694E72B79C7D700DAD76F /* Assignment5UITestsLaunchTests.swift in Sources */,
			);
			runOnlyForDeploymentPostprocessing = 0;
		};
/* End PBXSourcesBuildPhase section */

/* Begin PBXTargetDependency section */
		4CA694D82B79C7D700DAD76F /* PBXTargetDependency */ = {
			isa = PBXTargetDependency;
			target = 4CA694BF2B79C7D200DAD76F /* Assignment5 */;
			targetProxy = 4CA694D72B79C7D700DAD76F /* PBXContainerItemProxy */;
		};
		4CA694E22B79C7D700DAD76F /* PBXTargetDependency */ = {
			isa = PBXTargetDependency;
			target = 4CA694BF2B79C7D200DAD76F /* Assignment5 */;
			targetProxy = 4CA694E12B79C7D700DAD76F /* PBXContainerItemProxy */;
		};
/* End PBXTargetDependency section */

/* Begin PBXVariantGroup section */
		4CA694C92B79C7D200DAD76F /* Main.storyboard */ = {
			isa = PBXVariantGroup;
			children = (
				4CA694CA2B79C7D200DAD76F /* Base */,
			);
			name = Main.storyboard;
			sourceTree = "<group>";
		};
		4CA694CE2B79C7D700DAD76F /* LaunchScreen.storyboard */ = {
			isa = PBXVariantGroup;
			children = (
				4CA694CF2B79C7D700DAD76F /* Base */,
			);
			name = LaunchScreen.storyboard;
			sourceTree = "<group>";
		};
/* End PBXVariantGroup section */

/* Begin XCBuildConfiguration section */
		4CA694E82B79C7D700DAD76F /* Debug */ = {
			isa = XCBuildConfiguration;
			buildSettings = {
				ALWAYS_SEARCH_USER_PATHS = NO;
				ASSETCATALOG_COMPILER_GENERATE_SWIFT_ASSET_SYMBOL_EXTENSIONS = YES;
				CLANG_ANALYZER_NONNULL = YES;
				CLANG_ANALYZER_NUMBER_OBJECT_CONVERSION = YES_AGGRESSIVE;
				CLANG_CXX_LANGUAGE_STANDARD = "gnu++20";
				CLANG_ENABLE_MODULES = YES;
				CLANG_ENABLE_OBJC_ARC = YES;
				CLANG_ENABLE_OBJC_WEAK = YES;
				CLANG_WARN_BLOCK_CAPTURE_AUTORELEASING = YES;
				CLANG_WARN_BOOL_CONVERSION = YES;
				CLANG_WARN_COMMA = YES;
				CLANG_WARN_CONSTANT_CONVERSION = YES;
				CLANG_WARN_DEPRECATED_OBJC_IMPLEMENTATIONS = YES;
				CLANG_WARN_DIRECT_OBJC_ISA_USAGE = YES_ERROR;
				CLANG_WARN_DOCUMENTATION_COMMENTS = YES;
				CLANG_WARN_EMPTY_BODY = YES;
				CLANG_WARN_ENUM_CONVERSION = YES;
				CLANG_WARN_INFINITE_RECURSION = YES;
				CLANG_WARN_INT_CONVERSION = YES;
				CLANG_WARN_NON_LITERAL_NULL_CONVERSION = YES;
				CLANG_WARN_OBJC_IMPLICIT_RETAIN_SELF = YES;
				CLANG_WARN_OBJC_LITERAL_CONVERSION = YES;
				CLANG_WARN_OBJC_ROOT_CLASS = YES_ERROR;
				CLANG_WARN_QUOTED_INCLUDE_IN_FRAMEWORK_HEADER = YES;
				CLANG_WARN_RANGE_LOOP_ANALYSIS = YES;
				CLANG_WARN_STRICT_PROTOTYPES = YES;
				CLANG_WARN_SUSPICIOUS_MOVE = YES;
				CLANG_WARN_UNGUARDED_AVAILABILITY = YES_AGGRESSIVE;
				CLANG_WARN_UNREACHABLE_CODE = YES;
				CLANG_WARN__DUPLICATE_METHOD_MATCH = YES;
				COPY_PHASE_STRIP = NO;
				DEBUG_INFORMATION_FORMAT = dwarf;
				ENABLE_STRICT_OBJC_MSGSEND = YES;
				ENABLE_TESTABILITY = YES;
				ENABLE_USER_SCRIPT_SANDBOXING = YES;
				GCC_C_LANGUAGE_STANDARD = gnu17;
				GCC_DYNAMIC_NO_PIC = NO;
				GCC_NO_COMMON_BLOCKS = YES;
				GCC_OPTIMIZATION_LEVEL = 0;
				GCC_PREPROCESSOR_DEFINITIONS = (
					"DEBUG=1",
					"$(inherited)",
				);
				GCC_WARN_64_TO_32_BIT_CONVERSION = YES;
				GCC_WARN_ABOUT_RETURN_TYPE = YES_ERROR;
				GCC_WARN_UNDECLARED_SELECTOR = YES;
				GCC_WARN_UNINITIALIZED_AUTOS = YES_AGGRESSIVE;
				GCC_WARN_UNUSED_FUNCTION = YES;
				GCC_WARN_UNUSED_VARIABLE = YES;
				IPHONEOS_DEPLOYMENT_TARGET = 17.2;
				LOCALIZATION_PREFERS_STRING_CATALOGS = YES;
				MTL_ENABLE_DEBUG_INFO = INCLUDE_SOURCE;
				MTL_FAST_MATH = YES;
				ONLY_ACTIVE_ARCH = YES;
				SDKROOT = iphoneos;
				SWIFT_ACTIVE_COMPILATION_CONDITIONS = "DEBUG $(inherited)";
				SWIFT_OPTIMIZATION_LEVEL = "-Onone";
			};
			name = Debug;
		};
		4CA694E92B79C7D700DAD76F /* Release */ = {
			isa = XCBuildConfiguration;
			buildSettings = {
				ALWAYS_SEARCH_USER_PATHS = NO;
				ASSETCATALOG_COMPILER_GENERATE_SWIFT_ASSET_SYMBOL_EXTENSIONS = YES;
				CLANG_ANALYZER_NONNULL = YES;
				CLANG_ANALYZER_NUMBER_OBJECT_CONVERSION = YES_AGGRESSIVE;
				CLANG_CXX_LANGUAGE_STANDARD = "gnu++20";
				CLANG_ENABLE_MODULES = YES;
				CLANG_ENABLE_OBJC_ARC = YES;
				CLANG_ENABLE_OBJC_WEAK = YES;
				CLANG_WARN_BLOCK_CAPTURE_AUTORELEASING = YES;
				CLANG_WARN_BOOL_CONVERSION = YES;
				CLANG_WARN_COMMA = YES;
				CLANG_WARN_CONSTANT_CONVERSION = YES;
				CLANG_WARN_DEPRECATED_OBJC_IMPLEMENTATIONS = YES;
				CLANG_WARN_DIRECT_OBJC_ISA_USAGE = YES_ERROR;
				CLANG_WARN_DOCUMENTATION_COMMENTS = YES;
				CLANG_WARN_EMPTY_BODY = YES;
				CLANG_WARN_ENUM_CONVERSION = YES;
				CLANG_WARN_INFINITE_RECURSION = YES;
				CLANG_WARN_INT_CONVERSION = YES;
				CLANG_WARN_NON_LITERAL_NULL_CONVERSION = YES;
				CLANG_WARN_OBJC_IMPLICIT_RETAIN_SELF = YES;
				CLANG_WARN_OBJC_LITERAL_CONVERSION = YES;
				CLANG_WARN_OBJC_ROOT_CLASS = YES_ERROR;
				CLANG_WARN_QUOTED_INCLUDE_IN_FRAMEWORK_HEADER = YES;
				CLANG_WARN_RANGE_LOOP_ANALYSIS = YES;
				CLANG_WARN_STRICT_PROTOTYPES = YES;
				CLANG_WARN_SUSPICIOUS_MOVE = YES;
				CLANG_WARN_UNGUARDED_AVAILABILITY = YES_AGGRESSIVE;
				CLANG_WARN_UNREACHABLE_CODE = YES;
				CLANG_WARN__DUPLICATE_METHOD_MATCH = YES;
				COPY_PHASE_STRIP = NO;
				DEBUG_INFORMATION_FORMAT = "dwarf-with-dsym";
				ENABLE_NS_ASSERTIONS = NO;
				ENABLE_STRICT_OBJC_MSGSEND = YES;
				ENABLE_USER_SCRIPT_SANDBOXING = YES;
				GCC_C_LANGUAGE_STANDARD = gnu17;
				GCC_NO_COMMON_BLOCKS = YES;
				GCC_WARN_64_TO_32_BIT_CONVERSION = YES;
				GCC_WARN_ABOUT_RETURN_TYPE = YES_ERROR;
				GCC_WARN_UNDECLARED_SELECTOR = YES;
				GCC_WARN_UNINITIALIZED_AUTOS = YES_AGGRESSIVE;
				GCC_WARN_UNUSED_FUNCTION = YES;
				GCC_WARN_UNUSED_VARIABLE = YES;
				IPHONEOS_DEPLOYMENT_TARGET = 17.2;
				LOCALIZATION_PREFERS_STRING_CATALOGS = YES;
				MTL_ENABLE_DEBUG_INFO = NO;
				MTL_FAST_MATH = YES;
				SDKROOT = iphoneos;
				SWIFT_COMPILATION_MODE = wholemodule;
				VALIDATE_PRODUCT = YES;
			};
			name = Release;
		};
		4CA694EB2B79C7D700DAD76F /* Debug */ = {
			isa = XCBuildConfiguration;
			buildSettings = {
				ASSETCATALOG_COMPILER_APPICON_NAME = AppIcon;
				ASSETCATALOG_COMPILER_GLOBAL_ACCENT_COLOR_NAME = AccentColor;
				CODE_SIGN_STYLE = Automatic;
				CURRENT_PROJECT_VERSION = 1;
				GENERATE_INFOPLIST_FILE = YES;
				INFOPLIST_FILE = Assignment5/Info.plist;
				INFOPLIST_KEY_UIApplicationSupportsIndirectInputEvents = YES;
				INFOPLIST_KEY_UILaunchStoryboardName = LaunchScreen;
				INFOPLIST_KEY_UIMainStoryboardFile = Main;
				INFOPLIST_KEY_UISupportedInterfaceOrientations_iPad = "UIInterfaceOrientationPortrait UIInterfaceOrientationPortraitUpsideDown UIInterfaceOrientationLandscapeLeft UIInterfaceOrientationLandscapeRight";
				INFOPLIST_KEY_UISupportedInterfaceOrientations_iPhone = "UIInterfaceOrientationPortrait UIInterfaceOrientationLandscapeLeft UIInterfaceOrientationLandscapeRight";
				LD_RUNPATH_SEARCH_PATHS = (
					"$(inherited)",
					"@executable_path/Frameworks",
				);
				MARKETING_VERSION = 1.0;
				PRODUCT_BUNDLE_IDENTIFIER = com.michaelbaljet.Assignment5;
				PRODUCT_NAME = "$(TARGET_NAME)";
				SWIFT_EMIT_LOC_STRINGS = YES;
				SWIFT_VERSION = 5.0;
				TARGETED_DEVICE_FAMILY = "1,2";
			};
			name = Debug;
		};
		4CA694EC2B79C7D700DAD76F /* Release */ = {
			isa = XCBuildConfiguration;
			buildSettings = {
				ASSETCATALOG_COMPILER_APPICON_NAME = AppIcon;
				ASSETCATALOG_COMPILER_GLOBAL_ACCENT_COLOR_NAME = AccentColor;
				CODE_SIGN_STYLE = Automatic;
				CURRENT_PROJECT_VERSION = 1;
				GENERATE_INFOPLIST_FILE = YES;
				INFOPLIST_FILE = Assignment5/Info.plist;
				INFOPLIST_KEY_UIApplicationSupportsIndirectInputEvents = YES;
				INFOPLIST_KEY_UILaunchStoryboardName = LaunchScreen;
				INFOPLIST_KEY_UIMainStoryboardFile = Main;
				INFOPLIST_KEY_UISupportedInterfaceOrientations_iPad = "UIInterfaceOrientationPortrait UIInterfaceOrientationPortraitUpsideDown UIInterfaceOrientationLandscapeLeft UIInterfaceOrientationLandscapeRight";
				INFOPLIST_KEY_UISupportedInterfaceOrientations_iPhone = "UIInterfaceOrientationPortrait UIInterfaceOrientationLandscapeLeft UIInterfaceOrientationLandscapeRight";
				LD_RUNPATH_SEARCH_PATHS = (
					"$(inherited)",
					"@executable_path/Frameworks",
				);
				MARKETING_VERSION = 1.0;
				PRODUCT_BUNDLE_IDENTIFIER = com.michaelbaljet.Assignment5;
				PRODUCT_NAME = "$(TARGET_NAME)";
				SWIFT_EMIT_LOC_STRINGS = YES;
				SWIFT_VERSION = 5.0;
				TARGETED_DEVICE_FAMILY = "1,2";
			};
			name = Release;
		};
		4CA694EE2B79C7D700DAD76F /* Debug */ = {
			isa = XCBuildConfiguration;
			buildSettings = {
				ALWAYS_EMBED_SWIFT_STANDARD_LIBRARIES = YES;
				BUNDLE_LOADER = "$(TEST_HOST)";
				CODE_SIGN_STYLE = Automatic;
				CURRENT_PROJECT_VERSION = 1;
				GENERATE_INFOPLIST_FILE = YES;
				IPHONEOS_DEPLOYMENT_TARGET = 17.2;
				MARKETING_VERSION = 1.0;
				PRODUCT_BUNDLE_IDENTIFIER = com.michaelbaljet.Assignment5Tests;
				PRODUCT_NAME = "$(TARGET_NAME)";
				SWIFT_EMIT_LOC_STRINGS = NO;
				SWIFT_VERSION = 5.0;
				TARGETED_DEVICE_FAMILY = "1,2";
				TEST_HOST = "$(BUILT_PRODUCTS_DIR)/Assignment5.app/$(BUNDLE_EXECUTABLE_FOLDER_PATH)/Assignment5";
			};
			name = Debug;
		};
		4CA694EF2B79C7D700DAD76F /* Release */ = {
			isa = XCBuildConfiguration;
			buildSettings = {
				ALWAYS_EMBED_SWIFT_STANDARD_LIBRARIES = YES;
				BUNDLE_LOADER = "$(TEST_HOST)";
				CODE_SIGN_STYLE = Automatic;
				CURRENT_PROJECT_VERSION = 1;
				GENERATE_INFOPLIST_FILE = YES;
				IPHONEOS_DEPLOYMENT_TARGET = 17.2;
				MARKETING_VERSION = 1.0;
				PRODUCT_BUNDLE_IDENTIFIER = com.michaelbaljet.Assignment5Tests;
				PRODUCT_NAME = "$(TARGET_NAME)";
				SWIFT_EMIT_LOC_STRINGS = NO;
				SWIFT_VERSION = 5.0;
				TARGETED_DEVICE_FAMILY = "1,2";
				TEST_HOST = "$(BUILT_PRODUCTS_DIR)/Assignment5.app/$(BUNDLE_EXECUTABLE_FOLDER_PATH)/Assignment5";
			};
			name = Release;
		};
		4CA694F12B79C7D700DAD76F /* Debug */ = {
			isa = XCBuildConfiguration;
			buildSettings = {
				ALWAYS_EMBED_SWIFT_STANDARD_LIBRARIES = YES;
				CODE_SIGN_STYLE = Automatic;
				CURRENT_PROJECT_VERSION = 1;
				GENERATE_INFOPLIST_FILE = YES;
				MARKETING_VERSION = 1.0;
				PRODUCT_BUNDLE_IDENTIFIER = com.michaelbaljet.Assignment5UITests;
				PRODUCT_NAME = "$(TARGET_NAME)";
				SWIFT_EMIT_LOC_STRINGS = NO;
				SWIFT_VERSION = 5.0;
				TARGETED_DEVICE_FAMILY = "1,2";
				TEST_TARGET_NAME = Assignment5;
			};
			name = Debug;
		};
		4CA694F22B79C7D700DAD76F /* Release */ = {
			isa = XCBuildConfiguration;
			buildSettings = {
				ALWAYS_EMBED_SWIFT_STANDARD_LIBRARIES = YES;
				CODE_SIGN_STYLE = Automatic;
				CURRENT_PROJECT_VERSION = 1;
				GENERATE_INFOPLIST_FILE = YES;
				MARKETING_VERSION = 1.0;
				PRODUCT_BUNDLE_IDENTIFIER = com.michaelbaljet.Assignment5UITests;
				PRODUCT_NAME = "$(TARGET_NAME)";
				SWIFT_EMIT_LOC_STRINGS = NO;
				SWIFT_VERSION = 5.0;
				TARGETED_DEVICE_FAMILY = "1,2";
				TEST_TARGET_NAME = Assignment5;
			};
			name = Release;
		};
/* End XCBuildConfiguration section */

/* Begin XCConfigurationList section */
		4CA694BB2B79C7D200DAD76F /* Build configuration list for PBXProject "Assignment5" */ = {
			isa = XCConfigurationList;
			buildConfigurations = (
				4CA694E82B79C7D700DAD76F /* Debug */,
				4CA694E92B79C7D700DAD76F /* Release */,
			);
			defaultConfigurationIsVisible = 0;
			defaultConfigurationName = Release;
		};
		4CA694EA2B79C7D700DAD76F /* Build configuration list for PBXNativeTarget "Assignment5" */ = {
			isa = XCConfigurationList;
			buildConfigurations = (
				4CA694EB2B79C7D700DAD76F /* Debug */,
				4CA694EC2B79C7D700DAD76F /* Release */,
			);
			defaultConfigurationIsVisible = 0;
			defaultConfigurationName = Release;
		};
		4CA694ED2B79C7D700DAD76F /* Build configuration list for PBXNativeTarget "Assignment5Tests" */ = {
			isa = XCConfigurationList;
			buildConfigurations = (
				4CA694EE2B79C7D700DAD76F /* Debug */,
				4CA694EF2B79C7D700DAD76F /* Release */,
			);
			defaultConfigurationIsVisible = 0;
			defaultConfigurationName = Release;
		};
		4CA694F02B79C7D700DAD76F /* Build configuration list for PBXNativeTarget "Assignment5UITests" */ = {
			isa = XCConfigurationList;
			buildConfigurations = (
				4CA694F12B79C7D700DAD76F /* Debug */,
				4CA694F22B79C7D700DAD76F /* Release */,
			);
			defaultConfigurationIsVisible = 0;
			defaultConfigurationName = Release;
		};
/* End XCConfigurationList section */
	};
	rootObject = 4CA694B82B79C7D200DAD76F /* Project object */;
}
